{
  "name": "mostly-adequate-fp-ts",
  "version": "1.0.0",
  "lockfileVersion": 1,
  "requires": true,
  "dependencies": {
    "fp-ts": {
      "version": "2.9.5",
      "resolved": "https://registry.npmjs.org/fp-ts/-/fp-ts-2.9.5.tgz",
      "integrity": "sha512-MiHrA5teO6t8zKArE3DdMPT/Db6v2GUt5yfWnhBTrrsVfeCJUUnV6sgFvjGNBKDmEMqVwRFkEePL7wPwqrLKKA=="
    }
  }
}
